{
    "_readme": [
        "This file locks the dependencies of your project to a known state",
        "Read more about it at https://getcomposer.org/doc/01-basic-usage.md#composer-lock-the-lock-file",
        "This file is @generated automatically"
    ],
    "content-hash": "b4a53526e5841eb857b1d423ca0cadf0",
    "packages": [
        {
            "name": "stefangabos/zebra_curl",
            "version": "1.3.5",
            "source": {
                "type": "git",
                "url": "https://github.com/stefangabos/Zebra_cURL.git",
                "reference": "9ba66ecda85466cf9cd2e29020b1092033daf40d"
            },
            "dist": {
                "type": "zip",
                "url": "https://api.github.com/repos/stefangabos/Zebra_cURL/zipball/9ba66ecda85466cf9cd2e29020b1092033daf40d",
                "reference": "9ba66ecda85466cf9cd2e29020b1092033daf40d",
                "shasum": ""
            },
            "require": {
                "php": ">=5.3.0"
            },
            "type": "library",
            "autoload": {
                "classmap": [
                    "Zebra_cURL.php"
                ]
            },
            "notification-url": "https://packagist.org/downloads/",
            "license": [
                "LGPL-3.0"
            ],
            "authors": [
                {
                    "name": "Stefan Gabos",
                    "email": "contact@stefangabos.ro",
                    "homepage": "https://github.com/stefangabos",
                    "role": "Developer"
                }
            ],
            "description": "A high performance PHP library acting as a wrapper to PHP's libcurl library allowing multiple requests at once asynchronously, in parallel",
            "homepage": "https://github.com/stefangabos/Zebra_cURL",
            "keywords": [
                "asynchronous",
                "curl",
                "libcurl",
                "php",
                "request",
                "wrapper"
            ],
            "time": "2017-11-28T11:06:30+00:00"
        }
    ],
    "packages-dev": [],
    "aliases": [],
    "minimum-stability": "stable",
    "stability-flags": [],
    "prefer-stable": false,
    "prefer-lowest": false,
    "platform": [],
    "platform-dev": []
}
